// !$*UTF8*$!
{
	archiveVersion = 1;
	classes = {
	};
	objectVersion = 50;
	objects = {

/* Begin PBXBuildFile section */
		03E4969424A29D8D004CB5FC /* MapViewController.swift in Sources */ = {isa = PBXBuildFile; fileRef = 03E4969324A29D8D004CB5FC /* MapViewController.swift */; };
		03E4969624A2A8EC004CB5FC /* QuizViewController.swift in Sources */ = {isa = PBXBuildFile; fileRef = 03E4969524A2A8EC004CB5FC /* QuizViewController.swift */; };
		03F4FDC224883D580011D934 /* AppDelegate.swift in Sources */ = {isa = PBXBuildFile; fileRef = 03F4FDC124883D580011D934 /* AppDelegate.swift */; };
		03F4FDC424883D580011D934 /* SceneDelegate.swift in Sources */ = {isa = PBXBuildFile; fileRef = 03F4FDC324883D580011D934 /* SceneDelegate.swift */; };
		03F4FDC624883D580011D934 /* ConversionViewController.swift in Sources */ = {isa = PBXBuildFile; fileRef = 03F4FDC524883D580011D934 /* ConversionViewController.swift */; };
		03F4FDC924883D580011D934 /* Main.storyboard in Resources */ = {isa = PBXBuildFile; fileRef = 03F4FDC724883D580011D934 /* Main.storyboard */; };
		03F4FDCB24883D5A0011D934 /* Assets.xcassets in Resources */ = {isa = PBXBuildFile; fileRef = 03F4FDCA24883D5A0011D934 /* Assets.xcassets */; };
		03F4FDCE24883D5A0011D934 /* LaunchScreen.storyboard in Resources */ = {isa = PBXBuildFile; fileRef = 03F4FDCC24883D5A0011D934 /* LaunchScreen.storyboard */; };
		03F4FDD924883D5A0011D934 /* WorldTrotterTests.swift in Sources */ = {isa = PBXBuildFile; fileRef = 03F4FDD824883D5A0011D934 /* WorldTrotterTests.swift */; };
		03F4FDE424883D5A0011D934 /* WorldTrotterUITests.swift in Sources */ = {isa = PBXBuildFile; fileRef = 03F4FDE324883D5A0011D934 /* WorldTrotterUITests.swift */; };
/* End PBXBuildFile section */

/* Begin PBXContainerItemProxy section */
		03F4FDD524883D5A0011D934 /* PBXContainerItemProxy */ = {
			isa = PBXContainerItemProxy;
			containerPortal = 03F4FDB624883D580011D934 /* Project object */;
			proxyType = 1;
			remoteGlobalIDString = 03F4FDBD24883D580011D934;
			remoteInfo = WorldTrotter;
		};
		03F4FDE024883D5A0011D934 /* PBXContainerItemProxy */ = {
			isa = PBXContainerItemProxy;
			containerPortal = 03F4FDB624883D580011D934 /* Project object */;
			proxyType = 1;
			remoteGlobalIDString = 03F4FDBD24883D580011D934;
			remoteInfo = WorldTrotter;
		};
/* End PBXContainerItemProxy section */

/* Begin PBXFileReference section */
		03E4969324A29D8D004CB5FC /* MapViewController.swift */ = {isa = PBXFileReference; lastKnownFileType = sourcecode.swift; path = MapViewController.swift; sourceTree = "<group>"; };
		03E4969524A2A8EC004CB5FC /* QuizViewController.swift */ = {isa = PBXFileReference; fileEncoding = 4; lastKnownFileType = sourcecode.swift; path = QuizViewController.swift; sourceTree = "<group>"; };
		03F4FDBE24883D580011D934 /* WorldTrotter.app */ = {isa = PBXFileReference; explicitFileType = wrapper.application; includeInIndex = 0; path = WorldTrotter.app; sourceTree = BUILT_PRODUCTS_DIR; };
		03F4FDC124883D580011D934 /* AppDelegate.swift */ = {isa = PBXFileReference; lastKnownFileType = sourcecode.swift; path = AppDelegate.swift; sourceTree = "<group>"; };
		03F4FDC324883D580011D934 /* SceneDelegate.swift */ = {isa = PBXFileReference; lastKnownFileType = sourcecode.swift; path = SceneDelegate.swift; sourceTree = "<group>"; };
		03F4FDC524883D580011D934 /* ConversionViewController.swift */ = {isa = PBXFileReference; lastKnownFileType = sourcecode.swift; path = ConversionViewController.swift; sourceTree = "<group>"; };
		03F4FDC824883D580011D934 /* Base */ = {isa = PBXFileReference; lastKnownFileType = file.storyboard; name = Base; path = Base.lproj/Main.storyboard; sourceTree = "<group>"; };
		03F4FDCA24883D5A0011D934 /* Assets.xcassets */ = {isa = PBXFileReference; lastKnownFileType = folder.assetcatalog; path = Assets.xcassets; sourceTree = "<group>"; };
		03F4FDCD24883D5A0011D934 /* Base */ = {isa = PBXFileReference; lastKnownFileType = file.storyboard; name = Base; path = Base.lproj/LaunchScreen.storyboard; sourceTree = "<group>"; };
		03F4FDCF24883D5A0011D934 /* Info.plist */ = {isa = PBXFileReference; lastKnownFileType = text.plist.xml; path = Info.plist; sourceTree = "<group>"; };
		03F4FDD424883D5A0011D934 /* WorldTrotterTests.xctest */ = {isa = PBXFileReference; explicitFileType = wrapper.cfbundle; includeInIndex = 0; path = WorldTrotterTests.xctest; sourceTree = BUILT_PRODUCTS_DIR; };
		03F4FDD824883D5A0011D934 /* WorldTrotterTests.swift */ = {isa = PBXFileReference; lastKnownFileType = sourcecode.swift; path = WorldTrotterTests.swift; sourceTree = "<group>"; };
		03F4FDDA24883D5A0011D934 /* Info.plist */ = {isa = PBXFileReference; lastKnownFileType = text.plist.xml; path = Info.plist; sourceTree = "<group>"; };
		03F4FDDF24883D5A0011D934 /* WorldTrotterUITests.xctest */ = {isa = PBXFileReference; explicitFileType = wrapper.cfbundle; includeInIndex = 0; path = WorldTrotterUITests.xctest; sourceTree = BUILT_PRODUCTS_DIR; };
		03F4FDE324883D5A0011D934 /* WorldTrotterUITests.swift */ = {isa = PBXFileReference; lastKnownFileType = sourcecode.swift; path = WorldTrotterUITests.swift; sourceTree = "<group>"; };
		03F4FDE524883D5A0011D934 /* Info.plist */ = {isa = PBXFileReference; lastKnownFileType = text.plist.xml; path = Info.plist; sourceTree = "<group>"; };
/* End PBXFileReference section */

/* Begin PBXFrameworksBuildPhase section */
		03F4FDBB24883D580011D934 /* Frameworks */ = {
			isa = PBXFrameworksBuildPhase;
			buildActionMask = 2147483647;
			files = (
			);
			runOnlyForDeploymentPostprocessing = 0;
		};
		03F4FDD124883D5A0011D934 /* Frameworks */ = {
			isa = PBXFrameworksBuildPhase;
			buildActionMask = 2147483647;
			files = (
			);
			runOnlyForDeploymentPostprocessing = 0;
		};
		03F4FDDC24883D5A0011D934 /* Frameworks */ = {
			isa = PBXFrameworksBuildPhase;
			buildActionMask = 2147483647;
			files = (
			);
			runOnlyForDeploymentPostprocessing = 0;
		};
/* End PBXFrameworksBuildPhase section */

/* Begin PBXGroup section */
		03F4FDB524883D580011D934 = {
			isa = PBXGroup;
			children = (
				03F4FDC024883D580011D934 /* WorldTrotter */,
				03F4FDD724883D5A0011D934 /* WorldTrotterTests */,
				03F4FDE224883D5A0011D934 /* WorldTrotterUITests */,
				03F4FDBF24883D580011D934 /* Products */,
			);
			sourceTree = "<group>";
		};
		03F4FDBF24883D580011D934 /* Products */ = {
			isa = PBXGroup;
			children = (
				03F4FDBE24883D580011D934 /* WorldTrotter.app */,
				03F4FDD424883D5A0011D934 /* WorldTrotterTests.xctest */,
				03F4FDDF24883D5A0011D934 /* WorldTrotterUITests.xctest */,
			);
			name = Products;
			sourceTree = "<group>";
		};
		03F4FDC024883D580011D934 /* WorldTrotter */ = {
			isa = PBXGroup;
			children = (
				03F4FDC124883D580011D934 /* AppDelegate.swift */,
				03F4FDC324883D580011D934 /* SceneDelegate.swift */,
				03F4FDC524883D580011D934 /* ConversionViewController.swift */,
				03E4969324A29D8D004CB5FC /* MapViewController.swift */,
				03E4969524A2A8EC004CB5FC /* QuizViewController.swift */,
				03F4FDC724883D580011D934 /* Main.storyboard */,
				03F4FDCA24883D5A0011D934 /* Assets.xcassets */,
				03F4FDCC24883D5A0011D934 /* LaunchScreen.storyboard */,
				03F4FDCF24883D5A0011D934 /* Info.plist */,
			);
			path = WorldTrotter;
			sourceTree = "<group>";
		};
		03F4FDD724883D5A0011D934 /* WorldTrotterTests */ = {
			isa = PBXGroup;
			children = (
				03F4FDD824883D5A0011D934 /* WorldTrotterTests.swift */,
				03F4FDDA24883D5A0011D934 /* Info.plist */,
			);
			path = WorldTrotterTests;
			sourceTree = "<group>";
		};
		03F4FDE224883D5A0011D934 /* WorldTrotterUITests */ = {
			isa = PBXGroup;
			children = (
				03F4FDE324883D5A0011D934 /* WorldTrotterUITests.swift */,
				03F4FDE524883D5A0011D934 /* Info.plist */,
			);
			path = WorldTrotterUITests;
			sourceTree = "<group>";
		};
/* End PBXGroup section */

/* Begin PBXNativeTarget section */
		03F4FDBD24883D580011D934 /* WorldTrotter */ = {
			isa = PBXNativeTarget;
			buildConfigurationList = 03F4FDE824883D5A0011D934 /* Build configuration list for PBXNativeTarget "WorldTrotter" */;
			buildPhases = (
				03F4FDBA24883D580011D934 /* Sources */,
				03F4FDBB24883D580011D934 /* Frameworks */,
				03F4FDBC24883D580011D934 /* Resources */,
			);
			buildRules = (
			);
			dependencies = (
			);
			name = WorldTrotter;
			productName = WorldTrotter;
			productReference = 03F4FDBE24883D580011D934 /* WorldTrotter.app */;
			productType = "com.apple.product-type.application";
		};
		03F4FDD324883D5A0011D934 /* WorldTrotterTests */ = {
			isa = PBXNativeTarget;
			buildConfigurationList = 03F4FDEB24883D5A0011D934 /* Build configuration list for PBXNativeTarget "WorldTrotterTests" */;
			buildPhases = (
				03F4FDD024883D5A0011D934 /* Sources */,
				03F4FDD124883D5A0011D934 /* Frameworks */,
				03F4FDD224883D5A0011D934 /* Resources */,
			);
			buildRules = (
			);
			dependencies = (
				03F4FDD624883D5A0011D934 /* PBXTargetDependency */,
			);
			name = WorldTrotterTests;
			productName = WorldTrotterTests;
			productReference = 03F4FDD424883D5A0011D934 /* WorldTrotterTests.xctest */;
			productType = "com.apple.product-type.bundle.unit-test";
		};
		03F4FDDE24883D5A0011D934 /* WorldTrotterUITests */ = {
			isa = PBXNativeTarget;
			buildConfigurationList = 03F4FDEE24883D5A0011D934 /* Build configuration list for PBXNativeTarget "WorldTrotterUITests" */;
			buildPhases = (
				03F4FDDB24883D5A0011D934 /* Sources */,
				03F4FDDC24883D5A0011D934 /* Frameworks */,
				03F4FDDD24883D5A0011D934 /* Resources */,
			);
			buildRules = (
			);
			dependencies = (
				03F4FDE124883D5A0011D934 /* PBXTargetDependency */,
			);
			name = WorldTrotterUITests;
			productName = WorldTrotterUITests;
			productReference = 03F4FDDF24883D5A0011D934 /* WorldTrotterUITests.xctest */;
			productType = "com.apple.product-type.bundle.ui-testing";
		};
/* End PBXNativeTarget section */

/* Begin PBXProject section */
		03F4FDB624883D580011D934 /* Project object */ = {
			isa = PBXProject;
			attributes = {
				LastSwiftUpdateCheck = 1150;
				LastUpgradeCheck = 1150;
				ORGANIZATIONNAME = "Sasha Evtushenko";
				TargetAttributes = {
					03F4FDBD24883D580011D934 = {
						CreatedOnToolsVersion = 11.5;
					};
					03F4FDD324883D5A0011D934 = {
						CreatedOnToolsVersion = 11.5;
						TestTargetID = 03F4FDBD24883D580011D934;
					};
					03F4FDDE24883D5A0011D934 = {
						CreatedOnToolsVersion = 11.5;
						TestTargetID = 03F4FDBD24883D580011D934;
					};
				};
			};
			buildConfigurationList = 03F4FDB924883D580011D934 /* Build configuration list for PBXProject "WorldTrotter" */;
			compatibilityVersion = "Xcode 9.3";
			developmentRegion = en;
			hasScannedForEncodings = 0;
			knownRegions = (
				en,
				Base,
			);
			mainGroup = 03F4FDB524883D580011D934;
			productRefGroup = 03F4FDBF24883D580011D934 /* Products */;
			projectDirPath = "";
			projectRoot = "";
			targets = (
				03F4FDBD24883D580011D934 /* WorldTrotter */,
				03F4FDD324883D5A0011D934 /* WorldTrotterTests */,
				03F4FDDE24883D5A0011D934 /* WorldTrotterUITests */,
			);
		};
/* End PBXProject section */

/* Begin PBXResourcesBuildPhase section */
		03F4FDBC24883D580011D934 /* Resources */ = {
			isa = PBXResourcesBuildPhase;
			buildActionMask = 2147483647;
			files = (
				03F4FDCE24883D5A0011D934 /* LaunchScreen.storyboard in Resources */,
				03F4FDCB24883D5A0011D934 /* Assets.xcassets in Resources */,
				03F4FDC924883D580011D934 /* Main.storyboard in Resources */,
			);
			runOnlyForDeploymentPostprocessing = 0;
		};
		03F4FDD224883D5A0011D934 /* Resources */ = {
			isa = PBXResourcesBuildPhase;
			buildActionMask = 2147483647;
			files = (
			);
			runOnlyForDeploymentPostprocessing = 0;
		};
		03F4FDDD24883D5A0011D934 /* Resources */ = {
			isa = PBXResourcesBuildPhase;
			buildActionMask = 2147483647;
			files = (
			);
			runOnlyForDeploymentPostprocessing = 0;
		};
/* End PBXResourcesBuildPhase section */

/* Begin PBXSourcesBuildPhase section */
		03F4FDBA24883D580011D934 /* Sources */ = {
			isa = PBXSourcesBuildPhase;
			buildActionMask = 2147483647;
			files = (
				03F4FDC624883D580011D934 /* ConversionViewController.swift in Sources */,
				03E4969624A2A8EC004CB5FC /* QuizViewController.swift in Sources */,
				03F4FDC224883D580011D934 /* AppDelegate.swift in Sources */,
				03F4FDC424883D580011D934 /* SceneDelegate.swift in Sources */,
				03E4969424A29D8D004CB5FC /* MapViewController.swift in Sources */,
			);
			runOnlyForDeploymentPostprocessing = 0;
		};
		03F4FDD024883D5A0011D934 /* Sources */ = {
			isa = PBXSourcesBuildPhase;
			buildActionMask = 2147483647;
			files = (
				03F4FDD924883D5A0011D934 /* WorldTrotterTests.swift in Sources */,
			);
			runOnlyForDeploymentPostprocessing = 0;
		};
		03F4FDDB24883D5A0011D934 /* Sources */ = {
			isa = PBXSourcesBuildPhase;
			buildActionMask = 2147483647;
			files = (
				03F4FDE424883D5A0011D934 /* WorldTrotterUITests.swift in Sources */,
			);
			runOnlyForDeploymentPostprocessing = 0;
		};
/* End PBXSourcesBuildPhase section */

/* Begin PBXTargetDependency section */
		03F4FDD624883D5A0011D934 /* PBXTargetDependency */ = {
			isa = PBXTargetDependency;
			target = 03F4FDBD24883D580011D934 /* WorldTrotter */;
			targetProxy = 03F4FDD524883D5A0011D934 /* PBXContainerItemProxy */;
		};
		03F4FDE124883D5A0011D934 /* PBXTargetDependency */ = {
			isa = PBXTargetDependency;
			target = 03F4FDBD24883D580011D934 /* WorldTrotter */;
			targetProxy = 03F4FDE024883D5A0011D934 /* PBXContainerItemProxy */;
		};
/* End PBXTargetDependency section */

/* Begin PBXVariantGroup section */
		03F4FDC724883D580011D934 /* Main.storyboard */ = {
			isa = PBXVariantGroup;
			children = (
				03F4FDC824883D580011D934 /* Base */,
			);
			name = Main.storyboard;
			sourceTree = "<group>";
		};
		03F4FDCC24883D5A0011D934 /* LaunchScreen.storyboard */ = {
			isa = PBXVariantGroup;
			children = (
				03F4FDCD24883D5A0011D934 /* Base */,
			);
			name = LaunchScreen.storyboard;
			sourceTree = "<group>";
		};
/* End PBXVariantGroup section */

/* Begin XCBuildConfiguration section */
		03F4FDE624883D5A0011D934 /* Debug */ = {
			isa = XCBuildConfiguration;
			buildSettings = {
				ALWAYS_SEARCH_USER_PATHS = NO;
				CLANG_ANALYZER_NONNULL = YES;
				CLANG_ANALYZER_NUMBER_OBJECT_CONVERSION = YES_AGGRESSIVE;
				CLANG_CXX_LANGUAGE_STANDARD = "gnu++14";
				CLANG_CXX_LIBRARY = "libc++";
				CLANG_ENABLE_MODULES = YES;
				CLANG_ENABLE_OBJC_ARC = YES;
				CLANG_ENABLE_OBJC_WEAK = YES;
				CLANG_WARN_BLOCK_CAPTURE_AUTORELEASING = YES;
				CLANG_WARN_BOOL_CONVERSION = YES;
				CLANG_WARN_COMMA = YES;
				CLANG_WARN_CONSTANT_CONVERSION = YES;
				CLANG_WARN_DEPRECATED_OBJC_IMPLEMENTATIONS = YES;
				CLANG_WARN_DIRECT_OBJC_ISA_USAGE = YES_ERROR;
				CLANG_WARN_DOCUMENTATION_COMMENTS = YES;
				CLANG_WARN_EMPTY_BODY = YES;
				CLANG_WARN_ENUM_CONVERSION = YES;
				CLANG_WARN_INFINITE_RECURSION = YES;
				CLANG_WARN_INT_CONVERSION = YES;
				CLANG_WARN_NON_LITERAL_NULL_CONVERSION = YES;
				CLANG_WARN_OBJC_IMPLICIT_RETAIN_SELF = YES;
				CLANG_WARN_OBJC_LITERAL_CONVERSION = YES;
				CLANG_WARN_OBJC_ROOT_CLASS = YES_ERROR;
				CLANG_WARN_RANGE_LOOP_ANALYSIS = YES;
				CLANG_WARN_STRICT_PROTOTYPES = YES;
				CLANG_WARN_SUSPICIOUS_MOVE = YES;
				CLANG_WARN_UNGUARDED_AVAILABILITY = YES_AGGRESSIVE;
				CLANG_WARN_UNREACHABLE_CODE = YES;
				CLANG_WARN__DUPLICATE_METHOD_MATCH = YES;
				COPY_PHASE_STRIP = NO;
				DEBUG_INFORMATION_FORMAT = dwarf;
				ENABLE_STRICT_OBJC_MSGSEND = YES;
				ENABLE_TESTABILITY = YES;
				GCC_C_LANGUAGE_STANDARD = gnu11;
				GCC_DYNAMIC_NO_PIC = NO;
				GCC_NO_COMMON_BLOCKS = YES;
				GCC_OPTIMIZATION_LEVEL = 0;
				GCC_PREPROCESSOR_DEFINITIONS = (
					"DEBUG=1",
					"$(inherited)",
				);
				GCC_WARN_64_TO_32_BIT_CONVERSION = YES;
				GCC_WARN_ABOUT_RETURN_TYPE = YES_ERROR;
				GCC_WARN_UNDECLARED_SELECTOR = YES;
				GCC_WARN_UNINITIALIZED_AUTOS = YES_AGGRESSIVE;
				GCC_WARN_UNUSED_FUNCTION = YES;
				GCC_WARN_UNUSED_VARIABLE = YES;
				IPHONEOS_DEPLOYMENT_TARGET = 13.5;
				MTL_ENABLE_DEBUG_INFO = INCLUDE_SOURCE;
				MTL_FAST_MATH = YES;
				ONLY_ACTIVE_ARCH = YES;
				SDKROOT = iphoneos;
				SWIFT_ACTIVE_COMPILATION_CONDITIONS = DEBUG;
				SWIFT_OPTIMIZATION_LEVEL = "-Onone";
			};
			name = Debug;
		};
		03F4FDE724883D5A0011D934 /* Release */ = {
			isa = XCBuildConfiguration;
			buildSettings = {
				ALWAYS_SEARCH_USER_PATHS = NO;
				CLANG_ANALYZER_NONNULL = YES;
				CLANG_ANALYZER_NUMBER_OBJECT_CONVERSION = YES_AGGRESSIVE;
				CLANG_CXX_LANGUAGE_STANDARD = "gnu++14";
				CLANG_CXX_LIBRARY = "libc++";
				CLANG_ENABLE_MODULES = YES;
				CLANG_ENABLE_OBJC_ARC = YES;
				CLANG_ENABLE_OBJC_WEAK = YES;
				CLANG_WARN_BLOCK_CAPTURE_AUTORELEASING = YES;
				CLANG_WARN_BOOL_CONVERSION = YES;
				CLANG_WARN_COMMA = YES;
				CLANG_WARN_CONSTANT_CONVERSION = YES;
				CLANG_WARN_DEPRECATED_OBJC_IMPLEMENTATIONS = YES;
				CLANG_WARN_DIRECT_OBJC_ISA_USAGE = YES_ERROR;
				CLANG_WARN_DOCUMENTATION_COMMENTS = YES;
				CLANG_WARN_EMPTY_BODY = YES;
				CLANG_WARN_ENUM_CONVERSION = YES;
				CLANG_WARN_INFINITE_RECURSION = YES;
				CLANG_WARN_INT_CONVERSION = YES;
				CLANG_WARN_NON_LITERAL_NULL_CONVERSION = YES;
				CLANG_WARN_OBJC_IMPLICIT_RETAIN_SELF = YES;
				CLANG_WARN_OBJC_LITERAL_CONVERSION = YES;
				CLANG_WARN_OBJC_ROOT_CLASS = YES_ERROR;
				CLANG_WARN_RANGE_LOOP_ANALYSIS = YES;
				CLANG_WARN_STRICT_PROTOTYPES = YES;
				CLANG_WARN_SUSPICIOUS_MOVE = YES;
				CLANG_WARN_UNGUARDED_AVAILABILITY = YES_AGGRESSIVE;
				CLANG_WARN_UNREACHABLE_CODE = YES;
				CLANG_WARN__DUPLICATE_METHOD_MATCH = YES;
				COPY_PHASE_STRIP = NO;
				DEBUG_INFORMATION_FORMAT = "dwarf-with-dsym";
				ENABLE_NS_ASSERTIONS = NO;
				ENABLE_STRICT_OBJC_MSGSEND = YES;
				GCC_C_LANGUAGE_STANDARD = gnu11;
				GCC_NO_COMMON_BLOCKS = YES;
				GCC_WARN_64_TO_32_BIT_CONVERSION = YES;
				GCC_WARN_ABOUT_RETURN_TYPE = YES_ERROR;
				GCC_WARN_UNDECLARED_SELECTOR = YES;
				GCC_WARN_UNINITIALIZED_AUTOS = YES_AGGRESSIVE;
				GCC_WARN_UNUSED_FUNCTION = YES;
				GCC_WARN_UNUSED_VARIABLE = YES;
				IPHONEOS_DEPLOYMENT_TARGET = 13.5;
				MTL_ENABLE_DEBUG_INFO = NO;
				MTL_FAST_MATH = YES;
				SDKROOT = iphoneos;
				SWIFT_COMPILATION_MODE = wholemodule;
				SWIFT_OPTIMIZATION_LEVEL = "-O";
				VALIDATE_PRODUCT = YES;
			};
			name = Release;
		};
		03F4FDE924883D5A0011D934 /* Debug */ = {
			isa = XCBuildConfiguration;
			buildSettings = {
				ASSETCATALOG_COMPILER_APPICON_NAME = AppIcon;
				CODE_SIGN_STYLE = Automatic;
				DEVELOPMENT_TEAM = QGGM44V7SJ;
				INFOPLIST_FILE = WorldTrotter/Info.plist;
				LD_RUNPATH_SEARCH_PATHS = (
					"$(inherited)",
					"@executable_path/Frameworks",
				);
				PRODUCT_BUNDLE_IDENTIFIER = com.sashaevtushenko.WorldTrotter;
				PRODUCT_NAME = "$(TARGET_NAME)";
				SWIFT_VERSION = 5.0;
				TARGETED_DEVICE_FAMILY = 1;
			};
			name = Debug;
		};
		03F4FDEA24883D5A0011D934 /* Release */ = {
			isa = XCBuildConfiguration;
			buildSettings = {
				ASSETCATALOG_COMPILER_APPICON_NAME = AppIcon;
				CODE_SIGN_STYLE = Automatic;
				DEVELOPMENT_TEAM = QGGM44V7SJ;
				INFOPLIST_FILE = WorldTrotter/Info.plist;
				LD_RUNPATH_SEARCH_PATHS = (
					"$(inherited)",
					"@executable_path/Frameworks",
				);
				PRODUCT_BUNDLE_IDENTIFIER = com.sashaevtushenko.WorldTrotter;
				PRODUCT_NAME = "$(TARGET_NAME)";
				SWIFT_VERSION = 5.0;
				TARGETED_DEVICE_FAMILY = 1;
			};
			name = Release;
		};
		03F4FDEC24883D5A0011D934 /* Debug */ = {
			isa = XCBuildConfiguration;
			buildSettings = {
				ALWAYS_EMBED_SWIFT_STANDARD_LIBRARIES = YES;
				BUNDLE_LOADER = "$(TEST_HOST)";
				CODE_SIGN_STYLE = Automatic;
				DEVELOPMENT_TEAM = QGGM44V7SJ;
				INFOPLIST_FILE = WorldTrotterTests/Info.plist;
				IPHONEOS_DEPLOYMENT_TARGET = 13.5;
				LD_RUNPATH_SEARCH_PATHS = (
					"$(inherited)",
					"@executable_path/Frameworks",
					"@loader_path/Frameworks",
				);
				PRODUCT_BUNDLE_IDENTIFIER = com.sashaevtushenko.WorldTrotterTests;
				PRODUCT_NAME = "$(TARGET_NAME)";
				SWIFT_VERSION = 5.0;
				TARGETED_DEVICE_FAMILY = "1,2";
				TEST_HOST = "$(BUILT_PRODUCTS_DIR)/WorldTrotter.app/WorldTrotter";
			};
			name = Debug;
		};
		03F4FDED24883D5A0011D934 /* Release */ = {
			isa = XCBuildConfiguration;
			buildSettings = {
				ALWAYS_EMBED_SWIFT_STANDARD_LIBRARIES = YES;
				BUNDLE_LOADER = "$(TEST_HOST)";
				CODE_SIGN_STYLE = Automatic;
				DEVELOPMENT_TEAM = QGGM44V7SJ;
				INFOPLIST_FILE = WorldTrotterTests/Info.plist;
				IPHONEOS_DEPLOYMENT_TARGET = 13.5;
				LD_RUNPATH_SEARCH_PATHS = (
					"$(inherited)",
					"@executable_path/Frameworks",
					"@loader_path/Frameworks",
				);
				PRODUCT_BUNDLE_IDENTIFIER = com.sashaevtushenko.WorldTrotterTests;
				PRODUCT_NAME = "$(TARGET_NAME)";
				SWIFT_VERSION = 5.0;
				TARGETED_DEVICE_FAMILY = "1,2";
				TEST_HOST = "$(BUILT_PRODUCTS_DIR)/WorldTrotter.app/WorldTrotter";
			};
			name = Release;
		};
		03F4FDEF24883D5A0011D934 /* Debug */ = {
			isa = XCBuildConfiguration;
			buildSettings = {
				ALWAYS_EMBED_SWIFT_STANDARD_LIBRARIES = YES;
				CODE_SIGN_STYLE = Automatic;
				DEVELOPMENT_TEAM = QGGM44V7SJ;
				INFOPLIST_FILE = WorldTrotterUITests/Info.plist;
				LD_RUNPATH_SEARCH_PATHS = (
					"$(inherited)",
					"@executable_path/Frameworks",
					"@loader_path/Frameworks",
				);
				PRODUCT_BUNDLE_IDENTIFIER = com.sashaevtushenko.WorldTrotterUITests;
				PRODUCT_NAME = "$(TARGET_NAME)";
				SWIFT_VERSION = 5.0;
				TARGETED_DEVICE_FAMILY = "1,2";
				TEST_TARGET_NAME = WorldTrotter;
			};
			name = Debug;
		};
		03F4FDF024883D5A0011D934 /* Release */ = {
			isa = XCBuildConfiguration;
			buildSettings = {
				ALWAYS_EMBED_SWIFT_STANDARD_LIBRARIES = YES;
				CODE_SIGN_STYLE = Automatic;
				DEVELOPMENT_TEAM = QGGM44V7SJ;
				INFOPLIST_FILE = WorldTrotterUITests/Info.plist;
				LD_RUNPATH_SEARCH_PATHS = (
					"$(inherited)",
					"@executable_path/Frameworks",
					"@loader_path/Frameworks",
				);
				PRODUCT_BUNDLE_IDENTIFIER = com.sashaevtushenko.WorldTrotterUITests;
				PRODUCT_NAME = "$(TARGET_NAME)";
				SWIFT_VERSION = 5.0;
				TARGETED_DEVICE_FAMILY = "1,2";
				TEST_TARGET_NAME = WorldTrotter;
			};
			name = Release;
		};
/* End XCBuildConfiguration section */

/* Begin XCConfigurationList section */
		03F4FDB924883D580011D934 /* Build configuration list for PBXProject "WorldTrotter" */ = {
			isa = XCConfigurationList;
			buildConfigurations = (
				03F4FDE624883D5A0011D934 /* Debug */,
				03F4FDE724883D5A0011D934 /* Release */,
			);
			defaultConfigurationIsVisible = 0;
			defaultConfigurationName = Release;
		};
		03F4FDE824883D5A0011D934 /* Build configuration list for PBXNativeTarget "WorldTrotter" */ = {
			isa = XCConfigurationList;
			buildConfigurations = (
				03F4FDE924883D5A0011D934 /* Debug */,
				03F4FDEA24883D5A0011D934 /* Release */,
			);
			defaultConfigurationIsVisible = 0;
			defaultConfigurationName = Release;
		};
		03F4FDEB24883D5A0011D934 /* Build configuration list for PBXNativeTarget "WorldTrotterTests" */ = {
			isa = XCConfigurationList;
			buildConfigurations = (
				03F4FDEC24883D5A0011D934 /* Debug */,
				03F4FDED24883D5A0011D934 /* Release */,
			);
			defaultConfigurationIsVisible = 0;
			defaultConfigurationName = Release;
		};
		03F4FDEE24883D5A0011D934 /* Build configuration list for PBXNativeTarget "WorldTrotterUITests" */ = {
			isa = XCConfigurationList;
			buildConfigurations = (
				03F4FDEF24883D5A0011D934 /* Debug */,
				03F4FDF024883D5A0011D934 /* Release */,
			);
			defaultConfigurationIsVisible = 0;
			defaultConfigurationName = Release;
		};
/* End XCConfigurationList section */
	};
	rootObject = 03F4FDB624883D580011D934 /* Project object */;
}
